
Microsoft Visual Studio Solution File, Format Version 12.00
# Visual Studio Version 16
VisualStudioVersion = 16.0.30717.126
MinimumVisualStudioVersion = 10.0.40219.1
Project("{FAE04EC0-301F-11D3-BF4B-00C04F79EFBC}") = "WF_CW_Catalog", "WF_CW_Catalog.csproj", "{46CB7CF4-3169-44B7-9B2B-395C59D27A5E}"
EndProject
Global
	GlobalSection(SolutionConfigurationPlatforms) = preSolution
		Debug|Any CPU = Debug|Any CPU
		Release|Any CPU = Release|Any CPU
	EndGlobalSection
	GlobalSection(ProjectConfigurationPlatforms) = postSolution
		{46CB7CF4-3169-44B7-9B2B-395C59D27A5E}.Debug|Any CPU.ActiveCfg = Debug|Any CPU
		{46CB7CF4-3169-44B7-9B2B-395C59D27A5E}.Debug|Any CPU.Build.0 = Debug|Any CPU
		{46CB7CF4-3169-44B7-9B2B-395C59D27A5E}.Release|Any CPU.ActiveCfg = Release|Any CPU
		{46CB7CF4-3169-44B7-9B2B-395C59D27A5E}.Release|Any CPU.Build.0 = Release|Any CPU
	EndGlobalSection
	GlobalSection(SolutionProperties) = preSolution
		HideSolutionNode = FALSE
	EndGlobalSection
	GlobalSection(ExtensibilityGlobals) = postSolution
		SolutionGuid = {B0B00FEB-DB88-423E-859D-F6083BE4610A}
	EndGlobalSection
EndGlobal
